# This file is automatically @generated by Cargo.
# It is not intended for manual editing.
version = 3

[[package]]
name = "myos"
version = "0.1.0"
dependencies = [
 "qemu-exit",
]

[[package]]
name = "qemu-exit"
version = "2.0.1"
source = "registry+https://github.com/rust-lang/crates.io-index"
checksum = "220eb94f40665452ab6114bf8a8d86aa1fd41c6dbfaa4ab71b5912c8adb80389"
